{
  "version": 4,
  "terraform_version": "1.3.8",
  "serial": 311,
  "lineage": "ad608d5c-3842-1a84-84a3-6cdefddbeb9e",
  "outputs": {},
  "resources": [
    {
      "module": "module.k8s[\"ns1\"]",
      "mode": "managed",
      "type": "vault_auth_backend",
      "name": "k8s_auth",
      "provider": "provider[\"registry.terraform.io/hashicorp/vault\"]",
      "instances": [
        {
          "schema_version": 1,
          "attributes": {
            "accessor": "auth_kubernetes_90f87eab",
            "description": "",
            "disable_remount": false,
            "id": "k8s_1",
            "local": false,
            "namespace": null,
            "path": "k8s_1",
            "tune": [],
            "type": "kubernetes"
          },
          "sensitive_attributes": [],
          "private": "eyJzY2hlbWFfdmVyc2lvbiI6IjEifQ=="
        }
      ]
    },
    {
      "module": "module.k8s[\"ns1\"]",
      "mode": "managed",
      "type": "vault_kubernetes_auth_backend_config",
      "name": "k8s_config",
      "provider": "provider[\"registry.terraform.io/hashicorp/vault\"]",
      "instances": [
        {
          "schema_version": 0,
          "attributes": {
            "backend": "k8s_1",
            "disable_iss_validation": true,
            "disable_local_ca_jwt": false,
            "id": "auth/k8s_1/config",
            "issuer": "api",
            "kubernetes_ca_cert": "-----BEGIN CERTIFICATE-----\nMIIDBjCCAe6gAwIBAgIBATANBgkqhkiG9w0BAQsFADAVMRMwEQYDVQQDEwptaW5pa3ViZUNBMB4XDTIzMDIxODE1MjQzOVoXDTMzMDIxNjE1MjQzOVowFTETMBEGA1UEAxMKbWluaWt1YmVDQTCCASIwDQYJKoZIhvcNAQEBBQADggEPADCCAQoCggEBANbbB5BEtZLKk8bBWSfoy8lvh+XUnN8jRENLBQrj1tP0HiKLIEBUnGwbjcJ/tKbIwVHduq6IYDqHJOH7y3rVTIqopxqEoWLIORxfbOiK2iN9S2aVedIIuC1pUYfHyfmKrP1IeIOLdAW/GNSOxf/vQST5UFBHnRZ6abwNEKmcPm9tzS3n42fGi8HOEmbAmKsyRDdi8GWYw5TTRYIB8rraaN6T0q9cd382J7zxESTIWbGPLV6W6D7MivE3VlKLmhL1sHjeBKd7wbt5Q41+7X20Www2esu1xr7gw9ziFKb0LHe322bn9fGDcTi37FIBD3JFMgK3Ive5xwGzzRaZb+H2dwUCAwEAAaNhMF8wDgYDVR0PAQH/BAQDAgKkMB0GA1UdJQQWMBQGCCsGAQUFBwMCBggrBgEFBQcDATAPBgNVHRMBAf8EBTADAQH/MB0GA1UdDgQWBBTVFVF2FgpBe3VIF95eMMeRqCSWDzANBgkqhkiG9w0BAQsFAAOCAQEAIZmvrWCubRytYk/nAj18SeRExG/25WSAvWXh1xasukIl4AXxgCOIpNMkHs/3gIN1VS4pHhjCXmjcb5rXeYNC7gOvMrFy510cl3ClzN/AJgPp56UwROATnBKJb7nfcslUC4Tcd7gMjoB342OyJ5DzZE/aDgavZQh6da1y3ZNFgi2XMjgmfrZIEkrFKCztflLmFSVlymWinn6MxmNsVNTpG7lVhib4oNCwi5O73IR+Bg9YOvrd2vwCUD/0WvnuKCJhtFnp95mzBiCkdz7BlNv05ncVloL5GKPGHHNTnF9BOMmXMf+mKkJF23EWbI0vq0J5btvIkv+5qC7ksoyfg+YQYg==\n-----END CERTIFICATE-----",
            "kubernetes_host": "https://127.0.0.1:51172",
            "namespace": null,
            "pem_keys": null,
            "token_reviewer_jwt": "eyJhbGciOiJSUzI1NiIsImtpZCI6Ik1XVXhQc1VMVXNtdWlIZEtyeEFmQkl4b010ZGRwZHJpdFZLOFlwZTBHT00ifQ.eyJpc3MiOiJrdWJlcm5ldGVzL3NlcnZpY2VhY2NvdW50Iiwia3ViZXJuZXRlcy5pby9zZXJ2aWNlYWNjb3VudC9uYW1lc3BhY2UiOiJkZWZhdWx0Iiwia3ViZXJuZXRlcy5pby9zZXJ2aWNlYWNjb3VudC9zZWNyZXQubmFtZSI6InZhdWx0LXRva2VuLWc5NTVyIiwia3ViZXJuZXRlcy5pby9zZXJ2aWNlYWNjb3VudC9zZXJ2aWNlLWFjY291bnQubmFtZSI6InZhdWx0Iiwia3ViZXJuZXRlcy5pby9zZXJ2aWNlYWNjb3VudC9zZXJ2aWNlLWFjY291bnQudWlkIjoiOTgzYzA2MzItN2RhYS00NjhiLTljMWYtNmU2YTU0MzlmNzIwIiwic3ViIjoic3lzdGVtOnNlcnZpY2VhY2NvdW50OmRlZmF1bHQ6dmF1bHQifQ.MEhT0YI4AceU9vN1n90UJrsN2BtNZM2_M_QOH3TSHRwnm_SkdDDhynwRpUVm6HBkdbKawEfiGpL4SX2lhTMDLDsAti2nyluU8VDvUil6-nBGvDgVdLq_UOI4Gvl-sXfKBFhOW9IrYB0HOcmmHSQBpvqrLm-0f-Qmmn27wpB-8Yq4ytYZrPtl9GMQ2nMDa5WIf4L650lrWUwq7wCEM1zdjE5kXXxUrx64fnvRsl02zcY5l2tg7TpMul1a18Bl1yKV5MAQyIrARSH4AtEEIzlLPl26LlnelYlpTXFTzIY4aM392HpVKcOlwQpJuq04wOt9g7RdPdO6-V1tv_S34JfqFA"
          },
          "sensitive_attributes": [],
          "private": "bnVsbA==",
          "dependencies": [
            "module.k8s.vault_auth_backend.k8s_auth"
          ]
        }
      ]
    },
    {
      "module": "module.k8s[\"ns1\"]",
      "mode": "managed",
      "type": "vault_kubernetes_auth_backend_role",
      "name": "devweb-app",
      "provider": "provider[\"registry.terraform.io/hashicorp/vault\"]",
      "instances": [
        {
          "index_key": "roles",
          "schema_version": 0,
          "attributes": {
            "alias_name_source": "serviceaccount_uid",
            "audience": null,
            "backend": "k8s_1",
            "bound_service_account_names": [
              "internal-app"
            ],
            "bound_service_account_namespaces": [
              "default"
            ],
            "id": "auth/k8s_1/role/devweb-app0",
            "namespace": null,
            "role_name": "devweb-app0",
            "token_bound_cidrs": null,
            "token_explicit_max_ttl": 0,
            "token_max_ttl": 0,
            "token_no_default_policy": false,
            "token_num_uses": 0,
            "token_period": 0,
            "token_policies": [
              "default",
              "devwebapp"
            ],
            "token_ttl": 3600,
            "token_type": "default"
          },
          "sensitive_attributes": [],
          "private": "bnVsbA==",
          "dependencies": [
            "module.k8s.vault_auth_backend.k8s_auth",
            "module.k8s.vault_kubernetes_auth_backend_config.k8s_config"
          ]
        }
      ]
    },
    {
      "module": "module.k8s[\"ns1_path_2\"]",
      "mode": "managed",
      "type": "vault_auth_backend",
      "name": "k8s_auth",
      "provider": "provider[\"registry.terraform.io/hashicorp/vault\"]",
      "instances": [
        {
          "schema_version": 1,
          "attributes": {
            "accessor": "auth_kubernetes_c7806504",
            "description": "",
            "disable_remount": false,
            "id": "k8s_2",
            "local": false,
            "namespace": null,
            "path": "k8s_2",
            "tune": [],
            "type": "kubernetes"
          },
          "sensitive_attributes": [],
          "private": "eyJzY2hlbWFfdmVyc2lvbiI6IjEifQ=="
        }
      ]
    },
    {
      "module": "module.k8s[\"ns1_path_2\"]",
      "mode": "managed",
      "type": "vault_kubernetes_auth_backend_config",
      "name": "k8s_config",
      "provider": "provider[\"registry.terraform.io/hashicorp/vault\"]",
      "instances": [
        {
          "schema_version": 0,
          "attributes": {
            "backend": "k8s_2",
            "disable_iss_validation": true,
            "disable_local_ca_jwt": false,
            "id": "auth/k8s_2/config",
            "issuer": "api",
            "kubernetes_ca_cert": "-----BEGIN CERTIFICATE-----\nMIIDBjCCAe6gAwIBAgIBATANBgkqhkiG9w0BAQsFADAVMRMwEQYDVQQDEwptaW5pa3ViZUNBMB4XDTIzMDIxODE1MjQzOVoXDTMzMDIxNjE1MjQzOVowFTETMBEGA1UEAxMKbWluaWt1YmVDQTCCASIwDQYJKoZIhvcNAQEBBQADggEPADCCAQoCggEBANbbB5BEtZLKk8bBWSfoy8lvh+XUnN8jRENLBQrj1tP0HiKLIEBUnGwbjcJ/tKbIwVHduq6IYDqHJOH7y3rVTIqopxqEoWLIORxfbOiK2iN9S2aVedIIuC1pUYfHyfmKrP1IeIOLdAW/GNSOxf/vQST5UFBHnRZ6abwNEKmcPm9tzS3n42fGi8HOEmbAmKsyRDdi8GWYw5TTRYIB8rraaN6T0q9cd382J7zxESTIWbGPLV6W6D7MivE3VlKLmhL1sHjeBKd7wbt5Q41+7X20Www2esu1xr7gw9ziFKb0LHe322bn9fGDcTi37FIBD3JFMgK3Ive5xwGzzRaZb+H2dwUCAwEAAaNhMF8wDgYDVR0PAQH/BAQDAgKkMB0GA1UdJQQWMBQGCCsGAQUFBwMCBggrBgEFBQcDATAPBgNVHRMBAf8EBTADAQH/MB0GA1UdDgQWBBTVFVF2FgpBe3VIF95eMMeRqCSWDzANBgkqhkiG9w0BAQsFAAOCAQEAIZmvrWCubRytYk/nAj18SeRExG/25WSAvWXh1xasukIl4AXxgCOIpNMkHs/3gIN1VS4pHhjCXmjcb5rXeYNC7gOvMrFy510cl3ClzN/AJgPp56UwROATnBKJb7nfcslUC4Tcd7gMjoB342OyJ5DzZE/aDgavZQh6da1y3ZNFgi2XMjgmfrZIEkrFKCztflLmFSVlymWinn6MxmNsVNTpG7lVhib4oNCwi5O73IR+Bg9YOvrd2vwCUD/0WvnuKCJhtFnp95mzBiCkdz7BlNv05ncVloL5GKPGHHNTnF9BOMmXMf+mKkJF23EWbI0vq0J5btvIkv+5qC7ksoyfg+YQYg==\n-----END CERTIFICATE-----",
            "kubernetes_host": "https://127.0.0.1:51172",
            "namespace": null,
            "pem_keys": null,
            "token_reviewer_jwt": "eyJhbGciOiJSUzI1NiIsImtpZCI6Ik1XVXhQc1VMVXNtdWlIZEtyeEFmQkl4b010ZGRwZHJpdFZLOFlwZTBHT00ifQ.eyJpc3MiOiJrdWJlcm5ldGVzL3NlcnZpY2VhY2NvdW50Iiwia3ViZXJuZXRlcy5pby9zZXJ2aWNlYWNjb3VudC9uYW1lc3BhY2UiOiJkZWZhdWx0Iiwia3ViZXJuZXRlcy5pby9zZXJ2aWNlYWNjb3VudC9zZWNyZXQubmFtZSI6InZhdWx0LXRva2VuLWc5NTVyIiwia3ViZXJuZXRlcy5pby9zZXJ2aWNlYWNjb3VudC9zZXJ2aWNlLWFjY291bnQubmFtZSI6InZhdWx0Iiwia3ViZXJuZXRlcy5pby9zZXJ2aWNlYWNjb3VudC9zZXJ2aWNlLWFjY291bnQudWlkIjoiOTgzYzA2MzItN2RhYS00NjhiLTljMWYtNmU2YTU0MzlmNzIwIiwic3ViIjoic3lzdGVtOnNlcnZpY2VhY2NvdW50OmRlZmF1bHQ6dmF1bHQifQ.MEhT0YI4AceU9vN1n90UJrsN2BtNZM2_M_QOH3TSHRwnm_SkdDDhynwRpUVm6HBkdbKawEfiGpL4SX2lhTMDLDsAti2nyluU8VDvUil6-nBGvDgVdLq_UOI4Gvl-sXfKBFhOW9IrYB0HOcmmHSQBpvqrLm-0f-Qmmn27wpB-8Yq4ytYZrPtl9GMQ2nMDa5WIf4L650lrWUwq7wCEM1zdjE5kXXxUrx64fnvRsl02zcY5l2tg7TpMul1a18Bl1yKV5MAQyIrARSH4AtEEIzlLPl26LlnelYlpTXFTzIY4aM392HpVKcOlwQpJuq04wOt9g7RdPdO6-V1tv_S34JfqFA"
          },
          "sensitive_attributes": [],
          "private": "bnVsbA==",
          "dependencies": [
            "module.k8s.vault_auth_backend.k8s_auth"
          ]
        }
      ]
    },
    {
      "module": "module.k8s[\"ns1_path_2\"]",
      "mode": "managed",
      "type": "vault_kubernetes_auth_backend_role",
      "name": "devweb-app",
      "provider": "provider[\"registry.terraform.io/hashicorp/vault\"]",
      "instances": [
        {
          "index_key": "key",
          "schema_version": 0,
          "attributes": {
            "alias_name_source": "serviceaccount_uid",
            "audience": null,
            "backend": "k8s_2",
            "bound_service_account_names": [
              "internal-app"
            ],
            "bound_service_account_namespaces": [
              "default"
            ],
            "id": "auth/k8s_2/role/devweb-app1",
            "namespace": null,
            "role_name": "devweb-app1",
            "token_bound_cidrs": null,
            "token_explicit_max_ttl": 0,
            "token_max_ttl": 0,
            "token_no_default_policy": false,
            "token_num_uses": 0,
            "token_period": 0,
            "token_policies": [
              "default",
              "devwebapp"
            ],
            "token_ttl": 3600,
            "token_type": "default"
          },
          "sensitive_attributes": [],
          "private": "bnVsbA==",
          "dependencies": [
            "module.k8s.vault_auth_backend.k8s_auth",
            "module.k8s.vault_kubernetes_auth_backend_config.k8s_config"
          ]
        }
      ]
    },
    {
      "module": "module.k8s[\"ns2\"]",
      "mode": "managed",
      "type": "vault_auth_backend",
      "name": "k8s_auth",
      "provider": "provider[\"registry.terraform.io/hashicorp/vault\"]",
      "instances": [
        {
          "schema_version": 1,
          "attributes": {
            "accessor": "auth_kubernetes_937b09d0",
            "description": "",
            "disable_remount": false,
            "id": "k8s_ns2",
            "local": false,
            "namespace": "tf-ns1",
            "path": "k8s_ns2",
            "tune": [],
            "type": "kubernetes"
          },
          "sensitive_attributes": [],
          "private": "eyJzY2hlbWFfdmVyc2lvbiI6IjEifQ=="
        }
      ]
    },
    {
      "module": "module.k8s[\"ns2\"]",
      "mode": "managed",
      "type": "vault_kubernetes_auth_backend_config",
      "name": "k8s_config",
      "provider": "provider[\"registry.terraform.io/hashicorp/vault\"]",
      "instances": [
        {
          "schema_version": 0,
          "attributes": {
            "backend": "k8s_ns2",
            "disable_iss_validation": true,
            "disable_local_ca_jwt": false,
            "id": "auth/k8s_ns2/config",
            "issuer": "api",
            "kubernetes_ca_cert": "-----BEGIN CERTIFICATE-----\nMIIDBjCCAe6gAwIBAgIBATANBgkqhkiG9w0BAQsFADAVMRMwEQYDVQQDEwptaW5pa3ViZUNBMB4XDTIzMDIxODE1MjQzOVoXDTMzMDIxNjE1MjQzOVowFTETMBEGA1UEAxMKbWluaWt1YmVDQTCCASIwDQYJKoZIhvcNAQEBBQADggEPADCCAQoCggEBANbbB5BEtZLKk8bBWSfoy8lvh+XUnN8jRENLBQrj1tP0HiKLIEBUnGwbjcJ/tKbIwVHduq6IYDqHJOH7y3rVTIqopxqEoWLIORxfbOiK2iN9S2aVedIIuC1pUYfHyfmKrP1IeIOLdAW/GNSOxf/vQST5UFBHnRZ6abwNEKmcPm9tzS3n42fGi8HOEmbAmKsyRDdi8GWYw5TTRYIB8rraaN6T0q9cd382J7zxESTIWbGPLV6W6D7MivE3VlKLmhL1sHjeBKd7wbt5Q41+7X20Www2esu1xr7gw9ziFKb0LHe322bn9fGDcTi37FIBD3JFMgK3Ive5xwGzzRaZb+H2dwUCAwEAAaNhMF8wDgYDVR0PAQH/BAQDAgKkMB0GA1UdJQQWMBQGCCsGAQUFBwMCBggrBgEFBQcDATAPBgNVHRMBAf8EBTADAQH/MB0GA1UdDgQWBBTVFVF2FgpBe3VIF95eMMeRqCSWDzANBgkqhkiG9w0BAQsFAAOCAQEAIZmvrWCubRytYk/nAj18SeRExG/25WSAvWXh1xasukIl4AXxgCOIpNMkHs/3gIN1VS4pHhjCXmjcb5rXeYNC7gOvMrFy510cl3ClzN/AJgPp56UwROATnBKJb7nfcslUC4Tcd7gMjoB342OyJ5DzZE/aDgavZQh6da1y3ZNFgi2XMjgmfrZIEkrFKCztflLmFSVlymWinn6MxmNsVNTpG7lVhib4oNCwi5O73IR+Bg9YOvrd2vwCUD/0WvnuKCJhtFnp95mzBiCkdz7BlNv05ncVloL5GKPGHHNTnF9BOMmXMf+mKkJF23EWbI0vq0J5btvIkv+5qC7ksoyfg+YQYg==\n-----END CERTIFICATE-----",
            "kubernetes_host": "https://127.0.0.1:51172",
            "namespace": "tf-ns1",
            "pem_keys": null,
            "token_reviewer_jwt": "eyJhbGciOiJSUzI1NiIsImtpZCI6Ik1XVXhQc1VMVXNtdWlIZEtyeEFmQkl4b010ZGRwZHJpdFZLOFlwZTBHT00ifQ.eyJpc3MiOiJrdWJlcm5ldGVzL3NlcnZpY2VhY2NvdW50Iiwia3ViZXJuZXRlcy5pby9zZXJ2aWNlYWNjb3VudC9uYW1lc3BhY2UiOiJkZWZhdWx0Iiwia3ViZXJuZXRlcy5pby9zZXJ2aWNlYWNjb3VudC9zZWNyZXQubmFtZSI6InZhdWx0LXRva2VuLWc5NTVyIiwia3ViZXJuZXRlcy5pby9zZXJ2aWNlYWNjb3VudC9zZXJ2aWNlLWFjY291bnQubmFtZSI6InZhdWx0Iiwia3ViZXJuZXRlcy5pby9zZXJ2aWNlYWNjb3VudC9zZXJ2aWNlLWFjY291bnQudWlkIjoiOTgzYzA2MzItN2RhYS00NjhiLTljMWYtNmU2YTU0MzlmNzIwIiwic3ViIjoic3lzdGVtOnNlcnZpY2VhY2NvdW50OmRlZmF1bHQ6dmF1bHQifQ.MEhT0YI4AceU9vN1n90UJrsN2BtNZM2_M_QOH3TSHRwnm_SkdDDhynwRpUVm6HBkdbKawEfiGpL4SX2lhTMDLDsAti2nyluU8VDvUil6-nBGvDgVdLq_UOI4Gvl-sXfKBFhOW9IrYB0HOcmmHSQBpvqrLm-0f-Qmmn27wpB-8Yq4ytYZrPtl9GMQ2nMDa5WIf4L650lrWUwq7wCEM1zdjE5kXXxUrx64fnvRsl02zcY5l2tg7TpMul1a18Bl1yKV5MAQyIrARSH4AtEEIzlLPl26LlnelYlpTXFTzIY4aM392HpVKcOlwQpJuq04wOt9g7RdPdO6-V1tv_S34JfqFA"
          },
          "sensitive_attributes": [],
          "private": "bnVsbA==",
          "dependencies": [
            "module.k8s.vault_auth_backend.k8s_auth"
          ]
        }
      ]
    },
    {
      "module": "module.k8s[\"ns2\"]",
      "mode": "managed",
      "type": "vault_kubernetes_auth_backend_role",
      "name": "devweb-app",
      "provider": "provider[\"registry.terraform.io/hashicorp/vault\"]",
      "instances": [
        {
          "index_key": "key",
          "schema_version": 0,
          "attributes": {
            "alias_name_source": "serviceaccount_uid",
            "audience": null,
            "backend": "k8s_ns2",
            "bound_service_account_names": [
              "internal-app"
            ],
            "bound_service_account_namespaces": [
              "default"
            ],
            "id": "auth/k8s_ns2/role/devweb-app2",
            "namespace": "tf-ns1",
            "role_name": "devweb-app2",
            "token_bound_cidrs": null,
            "token_explicit_max_ttl": 0,
            "token_max_ttl": 0,
            "token_no_default_policy": false,
            "token_num_uses": 0,
            "token_period": 0,
            "token_policies": [
              "default",
              "devwebapp"
            ],
            "token_ttl": 3600,
            "token_type": "default"
          },
          "sensitive_attributes": [],
          "private": "bnVsbA==",
          "dependencies": [
            "module.k8s.vault_auth_backend.k8s_auth",
            "module.k8s.vault_kubernetes_auth_backend_config.k8s_config"
          ]
        }
      ]
    },
    {
      "module": "module.kv_engine",
      "mode": "managed",
      "type": "vault_kv_secret_v2",
      "name": "config",
      "provider": "provider[\"registry.terraform.io/hashicorp/vault\"]",
      "instances": [
        {
          "schema_version": 0,
          "attributes": {
            "cas": null,
            "custom_metadata": [
              {
                "cas_required": false,
                "data": {},
                "delete_version_after": 0,
                "max_versions": 0
              }
            ],
            "data": {
              "password": "also_new",
              "username": "after_mod"
            },
            "data_json": "{\"password\":\"also_new\",\"username\":\"after_mod\"}",
            "delete_all_versions": false,
            "disable_read": false,
            "id": "secret/data/devwebapp/config",
            "metadata": {
              "created_time": "2023-03-31T11:05:48.452509Z",
              "custom_metadata": "null",
              "deletion_time": "",
              "destroyed": "false",
              "version": "1"
            },
            "mount": "secret",
            "name": "devwebapp/config",
            "namespace": null,
            "options": null,
            "path": "secret/data/devwebapp/config"
          },
          "sensitive_attributes": [],
          "private": "bnVsbA==",
          "dependencies": [
            "module.kv_engine.vault_mount.kvv2"
          ]
        }
      ]
    },
    {
      "module": "module.kv_engine",
      "mode": "managed",
      "type": "vault_mount",
      "name": "kvv2",
      "provider": "provider[\"registry.terraform.io/hashicorp/vault\"]",
      "instances": [
        {
          "schema_version": 0,
          "attributes": {
            "accessor": "kv_62f70e45",
            "allowed_managed_keys": null,
            "audit_non_hmac_request_keys": [],
            "audit_non_hmac_response_keys": [],
            "default_lease_ttl_seconds": 0,
            "description": "",
            "external_entropy_access": false,
            "id": "secret",
            "local": false,
            "max_lease_ttl_seconds": 0,
            "namespace": null,
            "options": null,
            "path": "secret",
            "seal_wrap": false,
            "type": "kv-v2"
          },
          "sensitive_attributes": [],
          "private": "bnVsbA=="
        }
      ]
    }
  ],
  "check_results": null
}
